{
  "nodes": {
    "flake-utils": {
      "inputs": {
        "systems": "systems"
      },
      "locked": {
        "lastModified": 1731533236,
        "narHash": "sha256-l0KFg5HjrsfsO/JpG+r7fRrqm12kzFHyUHqHCVpMMbI=",
        "owner": "numtide",
        "repo": "flake-utils",
        "rev": "11707dc2f618dd54ca8739b309ec4fc024de578b",
        "type": "github"
      },
      "original": {
        "owner": "numtide",
        "repo": "flake-utils",
        "type": "github"
      }
    },
    "flake-utils_2": {
      "inputs": {
        "systems": "systems_2"
      },
      "locked": {
        "lastModified": 1731533236,
        "narHash": "sha256-l0KFg5HjrsfsO/JpG+r7fRrqm12kzFHyUHqHCVpMMbI=",
        "owner": "numtide",
        "repo": "flake-utils",
        "rev": "11707dc2f618dd54ca8739b309ec4fc024de578b",
        "type": "github"
      },
      "original": {
        "owner": "numtide",
        "repo": "flake-utils",
        "type": "github"
      }
    },
    "nixpkgs": {
      "locked": {
        "lastModified": 1780358546,
        "narHash": "sha256-zrI9N/kB9czvb7MB2WMwyvBT+qpXw7QdDdRIZvFp0aU=",
        "owner": "NixOS",
        "repo": "nixpkgs",
        "rev": "e7713b176c927fdab81a18801682bd2606491b0a",
        "type": "github"
      },
      "original": {
        "owner": "NixOS",
        "repo": "nixpkgs",
        "rev": "e7713b176c927fdab81a18801682bd2606491b0a",
        "type": "github"
      }
    },
    "nixpkgs_2": {
      "locked": {
        "lastModified": 1780372719,
        "narHash": "sha256-QmC052KtJvADWTuMx7YtMFKZf4bpeQ8smGLYSCi1c/I=",
        "owner": "nixos",
        "repo": "nixpkgs",
        "rev": "3fdb0f82594bbee6ccaaeb1e0afb851215ed3bc9",
        "type": "github"
      },
      "original": {
        "owner": "nixos",
        "repo": "nixpkgs",
        "type": "github"
      }
    },
    "nixpkgs_3": {
      "locked": {
        "lastModified": 1780540212,
        "narHash": "sha256-hqlJBt1MTYZ7LSm20DPb5ZVqYp6PGaXDmZWPBOXRF6A=",
        "owner": "nixos",
        "repo": "nixpkgs",
        "rev": "a03c17048bf84b1faaef309607168810bb9acb07",
        "type": "github"
      },
      "original": {
        "owner": "nixos",
        "repo": "nixpkgs",
        "type": "github"
      }
    },
    "root": {
      "inputs": {
        "nixpkgs": "nixpkgs",
        "zig2nix": "zig2nix",
        "zigmark": "zigmark"
      }
    },
    "systems": {
      "locked": {
        "lastModified": 1681028828,
        "narHash": "sha256-Vy1rq5AaRuLzOxct8nz4T6wlgyUR7zLU309k9mBC768=",
        "owner": "nix-systems",
        "repo": "default",
        "rev": "da67096a3b9bf56a91d16901293e51ba5b49a27e",
        "type": "github"
      },
      "original": {
        "owner": "nix-systems",
        "repo": "default",
        "type": "github"
      }
    },
    "systems_2": {
      "locked": {
        "lastModified": 1681028828,
        "narHash": "sha256-Vy1rq5AaRuLzOxct8nz4T6wlgyUR7zLU309k9mBC768=",
        "owner": "nix-systems",
        "repo": "default",
        "rev": "da67096a3b9bf56a91d16901293e51ba5b49a27e",
        "type": "github"
      },
      "original": {
        "owner": "nix-systems",
        "repo": "default",
        "type": "github"
      }
    },
    "zig2nix": {
      "inputs": {
        "flake-utils": "flake-utils",
        "nixpkgs": "nixpkgs_2"
      },
      "locked": {
        "lastModified": 1780287822,
        "narHash": "sha256-280h+8SjBvzs6+qaI9TA279Zbu3H+zHPybsxfGu1niI=",
        "rev": "db357a64a6aa160152f917f2bcee6da4e572e742",
        "revCount": 990,
        "type": "tarball",
        "url": "https://api.flakehub.com/f/pinned/Cloudef/zig2nix/0.1.990%2Brev-db357a64a6aa160152f917f2bcee6da4e572e742/019e8697-0966-7582-848c-aca4895b83b2/source.tar.gz"
      },
      "original": {
        "type": "tarball",
        "url": "https://flakehub.com/f/Cloudef/zig2nix/0.1.990.tar.gz"
      }
    },
    "zig2nix_2": {
      "inputs": {
        "flake-utils": "flake-utils_2",
        "nixpkgs": "nixpkgs_3"
      },
      "locked": {
        "lastModified": 1780460820,
        "narHash": "sha256-1VrSHtqG+Mu9i7nerwfNlOSgHT1sCOx/Kx9Y1xeMHQw=",
        "rev": "aff77c36c42dc84f81c2b48d6ac4a0457099e426",
        "revCount": 992,
        "type": "tarball",
        "url": "https://api.flakehub.com/f/pinned/Cloudef/zig2nix/0.1.992%2Brev-aff77c36c42dc84f81c2b48d6ac4a0457099e426/019e90dd-0e0a-7463-97b3-eaa1b86f8c0c/source.tar.gz"
      },
      "original": {
        "type": "tarball",
        "url": "https://flakehub.com/f/Cloudef/zig2nix/0.1.990.tar.gz"
      }
    },
    "zigmark": {
      "inputs": {
        "nixpkgs": [
          "nixpkgs"
        ],
        "zig2nix": "zig2nix_2"
      },
      "locked": {
        "lastModified": 1783109074,
        "narHash": "sha256-CjutJnXmGpKXjz4ehK+kvi+iPJN/lmyyr2j7RBA93CA=",
        "owner": "sc2in",
        "repo": "zigmark",
        "rev": "b9bee4e018df06fdef412ab95d6ce4332befedc2",
        "type": "github"
      },
      "original": {
        "owner": "sc2in",
        "repo": "zigmark",
        "type": "github"
      }
    }
  },
  "root": "root",
  "version": 7
}
